
Microsoft Visual Studio Solution File, Format Version 12.00
# Visual Studio Version 16
VisualStudioVersion = 16.0.31205.134
MinimumVisualStudioVersion = 10.0.40219.1
Project("{9A19103F-16F7-4668-BE54-9A1E7A4F7556}") = "Client", "Client\Client.csproj", "{571B7582-C9ED-4D1D-B166-C711D877DD69}"
EndProject
Project("{9A19103F-16F7-4668-BE54-9A1E7A4F7556}") = "Server", "Server\Server.csproj", "{DD3339A8-BAAF-450B-BFEB-A84691FD2348}"
EndProject
Global
	GlobalSection(SolutionConfigurationPlatforms) = preSolution
		Debug|Any CPU = Debug|Any CPU
		Release|Any CPU = Release|Any CPU
	EndGlobalSection
	GlobalSection(ProjectConfigurationPlatforms) = postSolution
		{571B7582-C9ED-4D1D-B166-C711D877DD69}.Debug|Any CPU.ActiveCfg = Debug|Any CPU
		{571B7582-C9ED-4D1D-B166-C711D877DD69}.Debug|Any CPU.Build.0 = Debug|Any CPU
		{571B7582-C9ED-4D1D-B166-C711D877DD69}.Release|Any CPU.ActiveCfg = Release|Any CPU
		{571B7582-C9ED-4D1D-B166-C711D877DD69}.Release|Any CPU.Build.0 = Release|Any CPU
		{DD3339A8-BAAF-450B-BFEB-A84691FD2348}.Debug|Any CPU.ActiveCfg = Debug|Any CPU
		{DD3339A8-BAAF-450B-BFEB-A84691FD2348}.Debug|Any CPU.Build.0 = Debug|Any CPU
		{DD3339A8-BAAF-450B-BFEB-A84691FD2348}.Release|Any CPU.ActiveCfg = Release|Any CPU
		{DD3339A8-BAAF-450B-BFEB-A84691FD2348}.Release|Any CPU.Build.0 = Release|Any CPU
	EndGlobalSection
	GlobalSection(SolutionProperties) = preSolution
		HideSolutionNode = FALSE
	EndGlobalSection
	GlobalSection(ExtensibilityGlobals) = postSolution
		SolutionGuid = {42A41671-AD25-4354-87C8-C76C7ED60A6D}
	EndGlobalSection
EndGlobal
